// !$*UTF8*$!
{
	archiveVersion = 1;
	classes = {
	};
	objectVersion = 50;
	objects = {

/* Begin PBXBuildFile section */
		B356EE7D2522A50200F48D64 /* AppDelegate.swift in Sources */ = {isa = PBXBuildFile; fileRef = B356EE7C2522A50200F48D64 /* AppDelegate.swift */; };
		B356EE7F2522A50200F48D64 /* SceneDelegate.swift in Sources */ = {isa = PBXBuildFile; fileRef = B356EE7E2522A50200F48D64 /* SceneDelegate.swift */; };
		B356EE812522A50200F48D64 /* ViewController.swift in Sources */ = {isa = PBXBuildFile; fileRef = B356EE802522A50200F48D64 /* ViewController.swift */; };
		B356EE842522A50200F48D64 /* Main.storyboard in Resources */ = {isa = PBXBuildFile; fileRef = B356EE822522A50200F48D64 /* Main.storyboard */; };
		B356EE862522A50600F48D64 /* Assets.xcassets in Resources */ = {isa = PBXBuildFile; fileRef = B356EE852522A50600F48D64 /* Assets.xcassets */; };
		B356EE892522A50600F48D64 /* LaunchScreen.storyboard in Resources */ = {isa = PBXBuildFile; fileRef = B356EE872522A50600F48D64 /* LaunchScreen.storyboard */; };
		B356EE942522A50600F48D64 /* SudokuTests.swift in Sources */ = {isa = PBXBuildFile; fileRef = B356EE932522A50600F48D64 /* SudokuTests.swift */; };
		B356EE9F2522A50600F48D64 /* SudokuUITests.swift in Sources */ = {isa = PBXBuildFile; fileRef = B356EE9E2522A50600F48D64 /* SudokuUITests.swift */; };
/* End PBXBuildFile section */

/* Begin PBXContainerItemProxy section */
		B356EE902522A50600F48D64 /* PBXContainerItemProxy */ = {
			isa = PBXContainerItemProxy;
			containerPortal = B356EE712522A50200F48D64 /* Project object */;
			proxyType = 1;
			remoteGlobalIDString = B356EE782522A50200F48D64;
			remoteInfo = Sudoku;
		};
		B356EE9B2522A50600F48D64 /* PBXContainerItemProxy */ = {
			isa = PBXContainerItemProxy;
			containerPortal = B356EE712522A50200F48D64 /* Project object */;
			proxyType = 1;
			remoteGlobalIDString = B356EE782522A50200F48D64;
			remoteInfo = Sudoku;
		};
/* End PBXContainerItemProxy section */

/* Begin PBXFileReference section */
		B356EE792522A50200F48D64 /* Sudoku.app */ = {isa = PBXFileReference; explicitFileType = wrapper.application; includeInIndex = 0; path = Sudoku.app; sourceTree = BUILT_PRODUCTS_DIR; };
		B356EE7C2522A50200F48D64 /* AppDelegate.swift */ = {isa = PBXFileReference; lastKnownFileType = sourcecode.swift; path = AppDelegate.swift; sourceTree = "<group>"; };
		B356EE7E2522A50200F48D64 /* SceneDelegate.swift */ = {isa = PBXFileReference; lastKnownFileType = sourcecode.swift; path = SceneDelegate.swift; sourceTree = "<group>"; };
		B356EE802522A50200F48D64 /* ViewController.swift */ = {isa = PBXFileReference; lastKnownFileType = sourcecode.swift; path = ViewController.swift; sourceTree = "<group>"; };
		B356EE832522A50200F48D64 /* Base */ = {isa = PBXFileReference; lastKnownFileType = file.storyboard; name = Base; path = Base.lproj/Main.storyboard; sourceTree = "<group>"; };
		B356EE852522A50600F48D64 /* Assets.xcassets */ = {isa = PBXFileReference; lastKnownFileType = folder.assetcatalog; path = Assets.xcassets; sourceTree = "<group>"; };
		B356EE882522A50600F48D64 /* Base */ = {isa = PBXFileReference; lastKnownFileType = file.storyboard; name = Base; path = Base.lproj/LaunchScreen.storyboard; sourceTree = "<group>"; };
		B356EE8A2522A50600F48D64 /* Info.plist */ = {isa = PBXFileReference; lastKnownFileType = text.plist.xml; path = Info.plist; sourceTree = "<group>"; };
		B356EE8F2522A50600F48D64 /* SudokuTests.xctest */ = {isa = PBXFileReference; explicitFileType = wrapper.cfbundle; includeInIndex = 0; path = SudokuTests.xctest; sourceTree = BUILT_PRODUCTS_DIR; };
		B356EE932522A50600F48D64 /* SudokuTests.swift */ = {isa = PBXFileReference; lastKnownFileType = sourcecode.swift; path = SudokuTests.swift; sourceTree = "<group>"; };
		B356EE952522A50600F48D64 /* Info.plist */ = {isa = PBXFileReference; lastKnownFileType = text.plist.xml; path = Info.plist; sourceTree = "<group>"; };
		B356EE9A2522A50600F48D64 /* SudokuUITests.xctest */ = {isa = PBXFileReference; explicitFileType = wrapper.cfbundle; includeInIndex = 0; path = SudokuUITests.xctest; sourceTree = BUILT_PRODUCTS_DIR; };
		B356EE9E2522A50600F48D64 /* SudokuUITests.swift */ = {isa = PBXFileReference; lastKnownFileType = sourcecode.swift; path = SudokuUITests.swift; sourceTree = "<group>"; };
		B356EEA02522A50600F48D64 /* Info.plist */ = {isa = PBXFileReference; lastKnownFileType = text.plist.xml; path = Info.plist; sourceTree = "<group>"; };
/* End PBXFileReference section */

/* Begin PBXFrameworksBuildPhase section */
		B356EE762522A50200F48D64 /* Frameworks */ = {
			isa = PBXFrameworksBuildPhase;
			buildActionMask = 2147483647;
			files = (
			);
			runOnlyForDeploymentPostprocessing = 0;
		};
		B356EE8C2522A50600F48D64 /* Frameworks */ = {
			isa = PBXFrameworksBuildPhase;
			buildActionMask = 2147483647;
			files = (
			);
			runOnlyForDeploymentPostprocessing = 0;
		};
		B356EE972522A50600F48D64 /* Frameworks */ = {
			isa = PBXFrameworksBuildPhase;
			buildActionMask = 2147483647;
			files = (
			);
			runOnlyForDeploymentPostprocessing = 0;
		};
/* End PBXFrameworksBuildPhase section */

/* Begin PBXGroup section */
		B356EE702522A50200F48D64 = {
			isa = PBXGroup;
			children = (
				B356EE7B2522A50200F48D64 /* Sudoku */,
				B356EE922522A50600F48D64 /* SudokuTests */,
				B356EE9D2522A50600F48D64 /* SudokuUITests */,
				B356EE7A2522A50200F48D64 /* Products */,
			);
			sourceTree = "<group>";
		};
		B356EE7A2522A50200F48D64 /* Products */ = {
			isa = PBXGroup;
			children = (
				B356EE792522A50200F48D64 /* Sudoku.app */,
				B356EE8F2522A50600F48D64 /* SudokuTests.xctest */,
				B356EE9A2522A50600F48D64 /* SudokuUITests.xctest */,
			);
			name = Products;
			sourceTree = "<group>";
		};
		B356EE7B2522A50200F48D64 /* Sudoku */ = {
			isa = PBXGroup;
			children = (
				B356EE7C2522A50200F48D64 /* AppDelegate.swift */,
				B356EE7E2522A50200F48D64 /* SceneDelegate.swift */,
				B356EE802522A50200F48D64 /* ViewController.swift */,
				B356EE822522A50200F48D64 /* Main.storyboard */,
				B356EE852522A50600F48D64 /* Assets.xcassets */,
				B356EE872522A50600F48D64 /* LaunchScreen.storyboard */,
				B356EE8A2522A50600F48D64 /* Info.plist */,
			);
			path = Sudoku;
			sourceTree = "<group>";
		};
		B356EE922522A50600F48D64 /* SudokuTests */ = {
			isa = PBXGroup;
			children = (
				B356EE932522A50600F48D64 /* SudokuTests.swift */,
				B356EE952522A50600F48D64 /* Info.plist */,
			);
			path = SudokuTests;
			sourceTree = "<group>";
		};
		B356EE9D2522A50600F48D64 /* SudokuUITests */ = {
			isa = PBXGroup;
			children = (
				B356EE9E2522A50600F48D64 /* SudokuUITests.swift */,
				B356EEA02522A50600F48D64 /* Info.plist */,
			);
			path = SudokuUITests;
			sourceTree = "<group>";
		};
/* End PBXGroup section */

/* Begin PBXNativeTarget section */
		B356EE782522A50200F48D64 /* Sudoku */ = {
			isa = PBXNativeTarget;
			buildConfigurationList = B356EEA32522A50600F48D64 /* Build configuration list for PBXNativeTarget "Sudoku" */;
			buildPhases = (
				B356EE752522A50200F48D64 /* Sources */,
				B356EE762522A50200F48D64 /* Frameworks */,
				B356EE772522A50200F48D64 /* Resources */,
			);
			buildRules = (
			);
			dependencies = (
			);
			name = Sudoku;
			productName = Sudoku;
			productReference = B356EE792522A50200F48D64 /* Sudoku.app */;
			productType = "com.apple.product-type.application";
		};
		B356EE8E2522A50600F48D64 /* SudokuTests */ = {
			isa = PBXNativeTarget;
			buildConfigurationList = B356EEA62522A50600F48D64 /* Build configuration list for PBXNativeTarget "SudokuTests" */;
			buildPhases = (
				B356EE8B2522A50600F48D64 /* Sources */,
				B356EE8C2522A50600F48D64 /* Frameworks */,
				B356EE8D2522A50600F48D64 /* Resources */,
			);
			buildRules = (
			);
			dependencies = (
				B356EE912522A50600F48D64 /* PBXTargetDependency */,
			);
			name = SudokuTests;
			productName = SudokuTests;
			productReference = B356EE8F2522A50600F48D64 /* SudokuTests.xctest */;
			productType = "com.apple.product-type.bundle.unit-test";
		};
		B356EE992522A50600F48D64 /* SudokuUITests */ = {
			isa = PBXNativeTarget;
			buildConfigurationList = B356EEA92522A50600F48D64 /* Build configuration list for PBXNativeTarget "SudokuUITests" */;
			buildPhases = (
				B356EE962522A50600F48D64 /* Sources */,
				B356EE972522A50600F48D64 /* Frameworks */,
				B356EE982522A50600F48D64 /* Resources */,
			);
			buildRules = (
			);
			dependencies = (
				B356EE9C2522A50600F48D64 /* PBXTargetDependency */,
			);
			name = SudokuUITests;
			productName = SudokuUITests;
			productReference = B356EE9A2522A50600F48D64 /* SudokuUITests.xctest */;
			productType = "com.apple.product-type.bundle.ui-testing";
		};
/* End PBXNativeTarget section */

/* Begin PBXProject section */
		B356EE712522A50200F48D64 /* Project object */ = {
			isa = PBXProject;
			attributes = {
				LastSwiftUpdateCheck = 1200;
				LastUpgradeCheck = 1200;
				TargetAttributes = {
					B356EE782522A50200F48D64 = {
						CreatedOnToolsVersion = 12.0;
					};
					B356EE8E2522A50600F48D64 = {
						CreatedOnToolsVersion = 12.0;
						TestTargetID = B356EE782522A50200F48D64;
					};
					B356EE992522A50600F48D64 = {
						CreatedOnToolsVersion = 12.0;
						TestTargetID = B356EE782522A50200F48D64;
					};
				};
			};
			buildConfigurationList = B356EE742522A50200F48D64 /* Build configuration list for PBXProject "Sudoku" */;
			compatibilityVersion = "Xcode 9.3";
			developmentRegion = en;
			hasScannedForEncodings = 0;
			knownRegions = (
				en,
				Base,
			);
			mainGroup = B356EE702522A50200F48D64;
			productRefGroup = B356EE7A2522A50200F48D64 /* Products */;
			projectDirPath = "";
			projectRoot = "";
			targets = (
				B356EE782522A50200F48D64 /* Sudoku */,
				B356EE8E2522A50600F48D64 /* SudokuTests */,
				B356EE992522A50600F48D64 /* SudokuUITests */,
			);
		};
/* End PBXProject section */

/* Begin PBXResourcesBuildPhase section */
		B356EE772522A50200F48D64 /* Resources */ = {
			isa = PBXResourcesBuildPhase;
			buildActionMask = 2147483647;
			files = (
				B356EE892522A50600F48D64 /* LaunchScreen.storyboard in Resources */,
				B356EE862522A50600F48D64 /* Assets.xcassets in Resources */,
				B356EE842522A50200F48D64 /* Main.storyboard in Resources */,
			);
			runOnlyForDeploymentPostprocessing = 0;
		};
		B356EE8D2522A50600F48D64 /* Resources */ = {
			isa = PBXResourcesBuildPhase;
			buildActionMask = 2147483647;
			files = (
			);
			runOnlyForDeploymentPostprocessing = 0;
		};
		B356EE982522A50600F48D64 /* Resources */ = {
			isa = PBXResourcesBuildPhase;
			buildActionMask = 2147483647;
			files = (
			);
			runOnlyForDeploymentPostprocessing = 0;
		};
/* End PBXResourcesBuildPhase section */

/* Begin PBXSourcesBuildPhase section */
		B356EE752522A50200F48D64 /* Sources */ = {
			isa = PBXSourcesBuildPhase;
			buildActionMask = 2147483647;
			files = (
				B356EE812522A50200F48D64 /* ViewController.swift in Sources */,
				B356EE7D2522A50200F48D64 /* AppDelegate.swift in Sources */,
				B356EE7F2522A50200F48D64 /* SceneDelegate.swift in Sources */,
			);
			runOnlyForDeploymentPostprocessing = 0;
		};
		B356EE8B2522A50600F48D64 /* Sources */ = {
			isa = PBXSourcesBuildPhase;
			buildActionMask = 2147483647;
			files = (
				B356EE942522A50600F48D64 /* SudokuTests.swift in Sources */,
			);
			runOnlyForDeploymentPostprocessing = 0;
		};
		B356EE962522A50600F48D64 /* Sources */ = {
			isa = PBXSourcesBuildPhase;
			buildActionMask = 2147483647;
			files = (
				B356EE9F2522A50600F48D64 /* SudokuUITests.swift in Sources */,
			);
			runOnlyForDeploymentPostprocessing = 0;
		};
/* End PBXSourcesBuildPhase section */

/* Begin PBXTargetDependency section */
		B356EE912522A50600F48D64 /* PBXTargetDependency */ = {
			isa = PBXTargetDependency;
			target = B356EE782522A50200F48D64 /* Sudoku */;
			targetProxy = B356EE902522A50600F48D64 /* PBXContainerItemProxy */;
		};
		B356EE9C2522A50600F48D64 /* PBXTargetDependency */ = {
			isa = PBXTargetDependency;
			target = B356EE782522A50200F48D64 /* Sudoku */;
			targetProxy = B356EE9B2522A50600F48D64 /* PBXContainerItemProxy */;
		};
/* End PBXTargetDependency section */

/* Begin PBXVariantGroup section */
		B356EE822522A50200F48D64 /* Main.storyboard */ = {
			isa = PBXVariantGroup;
			children = (
				B356EE832522A50200F48D64 /* Base */,
			);
			name = Main.storyboard;
			sourceTree = "<group>";
		};
		B356EE872522A50600F48D64 /* LaunchScreen.storyboard */ = {
			isa = PBXVariantGroup;
			children = (
				B356EE882522A50600F48D64 /* Base */,
			);
			name = LaunchScreen.storyboard;
			sourceTree = "<group>";
		};
/* End PBXVariantGroup section */

/* Begin XCBuildConfiguration section */
		B356EEA12522A50600F48D64 /* Debug */ = {
			isa = XCBuildConfiguration;
			buildSettings = {
				ALWAYS_SEARCH_USER_PATHS = NO;
				CLANG_ANALYZER_NONNULL = YES;
				CLANG_ANALYZER_NUMBER_OBJECT_CONVERSION = YES_AGGRESSIVE;
				CLANG_CXX_LANGUAGE_STANDARD = "gnu++14";
				CLANG_CXX_LIBRARY = "libc++";
				CLANG_ENABLE_MODULES = YES;
				CLANG_ENABLE_OBJC_ARC = YES;
				CLANG_ENABLE_OBJC_WEAK = YES;
				CLANG_WARN_BLOCK_CAPTURE_AUTORELEASING = YES;
				CLANG_WARN_BOOL_CONVERSION = YES;
				CLANG_WARN_COMMA = YES;
				CLANG_WARN_CONSTANT_CONVERSION = YES;
				CLANG_WARN_DEPRECATED_OBJC_IMPLEMENTATIONS = YES;
				CLANG_WARN_DIRECT_OBJC_ISA_USAGE = YES_ERROR;
				CLANG_WARN_DOCUMENTATION_COMMENTS = YES;
				CLANG_WARN_EMPTY_BODY = YES;
				CLANG_WARN_ENUM_CONVERSION = YES;
				CLANG_WARN_INFINITE_RECURSION = YES;
				CLANG_WARN_INT_CONVERSION = YES;
				CLANG_WARN_NON_LITERAL_NULL_CONVERSION = YES;
				CLANG_WARN_OBJC_IMPLICIT_RETAIN_SELF = YES;
				CLANG_WARN_OBJC_LITERAL_CONVERSION = YES;
				CLANG_WARN_OBJC_ROOT_CLASS = YES_ERROR;
				CLANG_WARN_QUOTED_INCLUDE_IN_FRAMEWORK_HEADER = YES;
				CLANG_WARN_RANGE_LOOP_ANALYSIS = YES;
				CLANG_WARN_STRICT_PROTOTYPES = YES;
				CLANG_WARN_SUSPICIOUS_MOVE = YES;
				CLANG_WARN_UNGUARDED_AVAILABILITY = YES_AGGRESSIVE;
				CLANG_WARN_UNREACHABLE_CODE = YES;
				CLANG_WARN__DUPLICATE_METHOD_MATCH = YES;
				COPY_PHASE_STRIP = NO;
				DEBUG_INFORMATION_FORMAT = dwarf;
				ENABLE_STRICT_OBJC_MSGSEND = YES;
				ENABLE_TESTABILITY = YES;
				GCC_C_LANGUAGE_STANDARD = gnu11;
				GCC_DYNAMIC_NO_PIC = NO;
				GCC_NO_COMMON_BLOCKS = YES;
				GCC_OPTIMIZATION_LEVEL = 0;
				GCC_PREPROCESSOR_DEFINITIONS = (
					"DEBUG=1",
					"$(inherited)",
				);
				GCC_WARN_64_TO_32_BIT_CONVERSION = YES;
				GCC_WARN_ABOUT_RETURN_TYPE = YES_ERROR;
				GCC_WARN_UNDECLARED_SELECTOR = YES;
				GCC_WARN_UNINITIALIZED_AUTOS = YES_AGGRESSIVE;
				GCC_WARN_UNUSED_FUNCTION = YES;
				GCC_WARN_UNUSED_VARIABLE = YES;
				IPHONEOS_DEPLOYMENT_TARGET = 14.0;
				MTL_ENABLE_DEBUG_INFO = INCLUDE_SOURCE;
				MTL_FAST_MATH = YES;
				ONLY_ACTIVE_ARCH = YES;
				SDKROOT = iphoneos;
				SWIFT_ACTIVE_COMPILATION_CONDITIONS = DEBUG;
				SWIFT_OPTIMIZATION_LEVEL = "-Onone";
			};
			name = Debug;
		};
		B356EEA22522A50600F48D64 /* Release */ = {
			isa = XCBuildConfiguration;
			buildSettings = {
				ALWAYS_SEARCH_USER_PATHS = NO;
				CLANG_ANALYZER_NONNULL = YES;
				CLANG_ANALYZER_NUMBER_OBJECT_CONVERSION = YES_AGGRESSIVE;
				CLANG_CXX_LANGUAGE_STANDARD = "gnu++14";
				CLANG_CXX_LIBRARY = "libc++";
				CLANG_ENABLE_MODULES = YES;
				CLANG_ENABLE_OBJC_ARC = YES;
				CLANG_ENABLE_OBJC_WEAK = YES;
				CLANG_WARN_BLOCK_CAPTURE_AUTORELEASING = YES;
				CLANG_WARN_BOOL_CONVERSION = YES;
				CLANG_WARN_COMMA = YES;
				CLANG_WARN_CONSTANT_CONVERSION = YES;
				CLANG_WARN_DEPRECATED_OBJC_IMPLEMENTATIONS = YES;
				CLANG_WARN_DIRECT_OBJC_ISA_USAGE = YES_ERROR;
				CLANG_WARN_DOCUMENTATION_COMMENTS = YES;
				CLANG_WARN_EMPTY_BODY = YES;
				CLANG_WARN_ENUM_CONVERSION = YES;
				CLANG_WARN_INFINITE_RECURSION = YES;
				CLANG_WARN_INT_CONVERSION = YES;
				CLANG_WARN_NON_LITERAL_NULL_CONVERSION = YES;
				CLANG_WARN_OBJC_IMPLICIT_RETAIN_SELF = YES;
				CLANG_WARN_OBJC_LITERAL_CONVERSION = YES;
				CLANG_WARN_OBJC_ROOT_CLASS = YES_ERROR;
				CLANG_WARN_QUOTED_INCLUDE_IN_FRAMEWORK_HEADER = YES;
				CLANG_WARN_RANGE_LOOP_ANALYSIS = YES;
				CLANG_WARN_STRICT_PROTOTYPES = YES;
				CLANG_WARN_SUSPICIOUS_MOVE = YES;
				CLANG_WARN_UNGUARDED_AVAILABILITY = YES_AGGRESSIVE;
				CLANG_WARN_UNREACHABLE_CODE = YES;
				CLANG_WARN__DUPLICATE_METHOD_MATCH = YES;
				COPY_PHASE_STRIP = NO;
				DEBUG_INFORMATION_FORMAT = "dwarf-with-dsym";
				ENABLE_NS_ASSERTIONS = NO;
				ENABLE_STRICT_OBJC_MSGSEND = YES;
				GCC_C_LANGUAGE_STANDARD = gnu11;
				GCC_NO_COMMON_BLOCKS = YES;
				GCC_WARN_64_TO_32_BIT_CONVERSION = YES;
				GCC_WARN_ABOUT_RETURN_TYPE = YES_ERROR;
				GCC_WARN_UNDECLARED_SELECTOR = YES;
				GCC_WARN_UNINITIALIZED_AUTOS = YES_AGGRESSIVE;
				GCC_WARN_UNUSED_FUNCTION = YES;
				GCC_WARN_UNUSED_VARIABLE = YES;
				IPHONEOS_DEPLOYMENT_TARGET = 14.0;
				MTL_ENABLE_DEBUG_INFO = NO;
				MTL_FAST_MATH = YES;
				SDKROOT = iphoneos;
				SWIFT_COMPILATION_MODE = wholemodule;
				SWIFT_OPTIMIZATION_LEVEL = "-O";
				VALIDATE_PRODUCT = YES;
			};
			name = Release;
		};
		B356EEA42522A50600F48D64 /* Debug */ = {
			isa = XCBuildConfiguration;
			buildSettings = {
				ASSETCATALOG_COMPILER_APPICON_NAME = AppIcon;
				ASSETCATALOG_COMPILER_GLOBAL_ACCENT_COLOR_NAME = AccentColor;
				CODE_SIGN_STYLE = Automatic;
				DEVELOPMENT_TEAM = FN3375E34H;
				INFOPLIST_FILE = Sudoku/Info.plist;
				LD_RUNPATH_SEARCH_PATHS = (
					"$(inherited)",
					"@executable_path/Frameworks",
				);
				PRODUCT_BUNDLE_IDENTIFIER = AcyonixStudios.Sudoku;
				PRODUCT_NAME = "$(TARGET_NAME)";
				SWIFT_VERSION = 5.0;
				TARGETED_DEVICE_FAMILY = "1,2";
			};
			name = Debug;
		};
		B356EEA52522A50600F48D64 /* Release */ = {
			isa = XCBuildConfiguration;
			buildSettings = {
				ASSETCATALOG_COMPILER_APPICON_NAME = AppIcon;
				ASSETCATALOG_COMPILER_GLOBAL_ACCENT_COLOR_NAME = AccentColor;
				CODE_SIGN_STYLE = Automatic;
				DEVELOPMENT_TEAM = FN3375E34H;
				INFOPLIST_FILE = Sudoku/Info.plist;
				LD_RUNPATH_SEARCH_PATHS = (
					"$(inherited)",
					"@executable_path/Frameworks",
				);
				PRODUCT_BUNDLE_IDENTIFIER = AcyonixStudios.Sudoku;
				PRODUCT_NAME = "$(TARGET_NAME)";
				SWIFT_VERSION = 5.0;
				TARGETED_DEVICE_FAMILY = "1,2";
			};
			name = Release;
		};
		B356EEA72522A50600F48D64 /* Debug */ = {
			isa = XCBuildConfiguration;
			buildSettings = {
				ALWAYS_EMBED_SWIFT_STANDARD_LIBRARIES = YES;
				BUNDLE_LOADER = "$(TEST_HOST)";
				CODE_SIGN_STYLE = Automatic;
				DEVELOPMENT_TEAM = FN3375E34H;
				INFOPLIST_FILE = SudokuTests/Info.plist;
				IPHONEOS_DEPLOYMENT_TARGET = 14.0;
				LD_RUNPATH_SEARCH_PATHS = (
					"$(inherited)",
					"@executable_path/Frameworks",
					"@loader_path/Frameworks",
				);
				PRODUCT_BUNDLE_IDENTIFIER = AcyonixStudios.SudokuTests;
				PRODUCT_NAME = "$(TARGET_NAME)";
				SWIFT_VERSION = 5.0;
				TARGETED_DEVICE_FAMILY = "1,2";
				TEST_HOST = "$(BUILT_PRODUCTS_DIR)/Sudoku.app/Sudoku";
			};
			name = Debug;
		};
		B356EEA82522A50600F48D64 /* Release */ = {
			isa = XCBuildConfiguration;
			buildSettings = {
				ALWAYS_EMBED_SWIFT_STANDARD_LIBRARIES = YES;
				BUNDLE_LOADER = "$(TEST_HOST)";
				CODE_SIGN_STYLE = Automatic;
				DEVELOPMENT_TEAM = FN3375E34H;
				INFOPLIST_FILE = SudokuTests/Info.plist;
				IPHONEOS_DEPLOYMENT_TARGET = 14.0;
				LD_RUNPATH_SEARCH_PATHS = (
					"$(inherited)",
					"@executable_path/Frameworks",
					"@loader_path/Frameworks",
				);
				PRODUCT_BUNDLE_IDENTIFIER = AcyonixStudios.SudokuTests;
				PRODUCT_NAME = "$(TARGET_NAME)";
				SWIFT_VERSION = 5.0;
				TARGETED_DEVICE_FAMILY = "1,2";
				TEST_HOST = "$(BUILT_PRODUCTS_DIR)/Sudoku.app/Sudoku";
			};
			name = Release;
		};
		B356EEAA2522A50600F48D64 /* Debug */ = {
			isa = XCBuildConfiguration;
			buildSettings = {
				ALWAYS_EMBED_SWIFT_STANDARD_LIBRARIES = YES;
				CODE_SIGN_STYLE = Automatic;
				DEVELOPMENT_TEAM = FN3375E34H;
				INFOPLIST_FILE = SudokuUITests/Info.plist;
				LD_RUNPATH_SEARCH_PATHS = (
					"$(inherited)",
					"@executable_path/Frameworks",
					"@loader_path/Frameworks",
				);
				PRODUCT_BUNDLE_IDENTIFIER = AcyonixStudios.SudokuUITests;
				PRODUCT_NAME = "$(TARGET_NAME)";
				SWIFT_VERSION = 5.0;
				TARGETED_DEVICE_FAMILY = "1,2";
				TEST_TARGET_NAME = Sudoku;
			};
			name = Debug;
		};
		B356EEAB2522A50600F48D64 /* Release */ = {
			isa = XCBuildConfiguration;
			buildSettings = {
				ALWAYS_EMBED_SWIFT_STANDARD_LIBRARIES = YES;
				CODE_SIGN_STYLE = Automatic;
				DEVELOPMENT_TEAM = FN3375E34H;
				INFOPLIST_FILE = SudokuUITests/Info.plist;
				LD_RUNPATH_SEARCH_PATHS = (
					"$(inherited)",
					"@executable_path/Frameworks",
					"@loader_path/Frameworks",
				);
				PRODUCT_BUNDLE_IDENTIFIER = AcyonixStudios.SudokuUITests;
				PRODUCT_NAME = "$(TARGET_NAME)";
				SWIFT_VERSION = 5.0;
				TARGETED_DEVICE_FAMILY = "1,2";
				TEST_TARGET_NAME = Sudoku;
			};
			name = Release;
		};
/* End XCBuildConfiguration section */

/* Begin XCConfigurationList section */
		B356EE742522A50200F48D64 /* Build configuration list for PBXProject "Sudoku" */ = {
			isa = XCConfigurationList;
			buildConfigurations = (
				B356EEA12522A50600F48D64 /* Debug */,
				B356EEA22522A50600F48D64 /* Release */,
			);
			defaultConfigurationIsVisible = 0;
			defaultConfigurationName = Release;
		};
		B356EEA32522A50600F48D64 /* Build configuration list for PBXNativeTarget "Sudoku" */ = {
			isa = XCConfigurationList;
			buildConfigurations = (
				B356EEA42522A50600F48D64 /* Debug */,
				B356EEA52522A50600F48D64 /* Release */,
			);
			defaultConfigurationIsVisible = 0;
			defaultConfigurationName = Release;
		};
		B356EEA62522A50600F48D64 /* Build configuration list for PBXNativeTarget "SudokuTests" */ = {
			isa = XCConfigurationList;
			buildConfigurations = (
				B356EEA72522A50600F48D64 /* Debug */,
				B356EEA82522A50600F48D64 /* Release */,
			);
			defaultConfigurationIsVisible = 0;
			defaultConfigurationName = Release;
		};
		B356EEA92522A50600F48D64 /* Build configuration list for PBXNativeTarget "SudokuUITests" */ = {
			isa = XCConfigurationList;
			buildConfigurations = (
				B356EEAA2522A50600F48D64 /* Debug */,
				B356EEAB2522A50600F48D64 /* Release */,
			);
			defaultConfigurationIsVisible = 0;
			defaultConfigurationName = Release;
		};
/* End XCConfigurationList section */
	};
	rootObject = B356EE712522A50200F48D64 /* Project object */;
}
